
Microsoft Visual Studio Solution File, Format Version 12.00
# Visual Studio Version 17
VisualStudioVersion = 17.3.32811.315
MinimumVisualStudioVersion = 10.0.40219.1
Project("{FAE04EC0-301F-11D3-BF4B-00C04F79EFBC}") = "MvcStockTracking", "MvcStockTracking\MvcStockTracking.csproj", "{42FC0BBB-4691-4D0A-A28C-16D5123C8259}"
EndProject
Global
	GlobalSection(SolutionConfigurationPlatforms) = preSolution
		Debug|Any CPU = Debug|Any CPU
		Release|Any CPU = Release|Any CPU
	EndGlobalSection
	GlobalSection(ProjectConfigurationPlatforms) = postSolution
		{42FC0BBB-4691-4D0A-A28C-16D5123C8259}.Debug|Any CPU.ActiveCfg = Debug|Any CPU
		{42FC0BBB-4691-4D0A-A28C-16D5123C8259}.Debug|Any CPU.Build.0 = Debug|Any CPU
		{42FC0BBB-4691-4D0A-A28C-16D5123C8259}.Release|Any CPU.ActiveCfg = Release|Any CPU
		{42FC0BBB-4691-4D0A-A28C-16D5123C8259}.Release|Any CPU.Build.0 = Release|Any CPU
	EndGlobalSection
	GlobalSection(SolutionProperties) = preSolution
		HideSolutionNode = FALSE
	EndGlobalSection
	GlobalSection(ExtensibilityGlobals) = postSolution
		SolutionGuid = {BC851BE9-44F0-492D-BB8B-ED042A3DB33B}
	EndGlobalSection
EndGlobal
